
Microsoft Visual Studio Solution File, Format Version 12.00
# Visual Studio 15
VisualStudioVersion = 15.0.28307.489
MinimumVisualStudioVersion = 10.0.40219.1
Project("{9A19103F-16F7-4668-BE54-9A1E7A4F7556}") = "SchedulingPractice.Core", "SchedulingPractice.Core\SchedulingPractice.Core.csproj", "{4E411DD0-16E8-4BD9-BA79-D22D1F4FE9B1}"
EndProject
Project("{9A19103F-16F7-4668-BE54-9A1E7A4F7556}") = "SchedulingPractice.PubWorker", "SchedulingPractice.PubWorker\SchedulingPractice.PubWorker.csproj", "{4A537B20-74D5-495E-8FC5-54AC2936A2A3}"
EndProject
Project("{9A19103F-16F7-4668-BE54-9A1E7A4F7556}") = "SubWorker.AndrewDemo", "SubWorker.AndrewDemo\SubWorker.AndrewDemo.csproj", "{D7B35147-CE8A-42FB-BC72-0BFEAD7183C8}"
EndProject
Project("{2150E333-8FDC-42A3-9474-1A3956D46DE8}") = "Solution Items", "Solution Items", "{927CF37F-7C8C-426E-B63C-1121CA9FE062}"
	ProjectSection(SolutionItems) = preProject
		database.txt = database.txt
		README.md = README.md
		statistics.txt = statistics.txt
	EndProjectSection
EndProject
Project("{FAE04EC0-301F-11D3-BF4B-00C04F79EFBC}") = "SubWorker.JolinDemo", "SubWorker.JolinDemo\SubWorker.JolinDemo.csproj", "{CADEA30F-5441-43CF-B82B-7D60B06A1C6A}"
EndProject
Project("{FAE04EC0-301F-11D3-BF4B-00C04F79EFBC}") = "HankDemo.HankTaskRunner", "HankDemo.HankTaskRunner\HankDemo.HankTaskRunner.csproj", "{304D40E1-30C5-4918-8F8E-384ACD439941}"
EndProject
Global
	GlobalSection(SolutionConfigurationPlatforms) = preSolution
		Debug|Any CPU = Debug|Any CPU
		Release|Any CPU = Release|Any CPU
	EndGlobalSection
	GlobalSection(ProjectConfigurationPlatforms) = postSolution
		{4E411DD0-16E8-4BD9-BA79-D22D1F4FE9B1}.Debug|Any CPU.ActiveCfg = Debug|Any CPU
		{4E411DD0-16E8-4BD9-BA79-D22D1F4FE9B1}.Debug|Any CPU.Build.0 = Debug|Any CPU
		{4E411DD0-16E8-4BD9-BA79-D22D1F4FE9B1}.Release|Any CPU.ActiveCfg = Release|Any CPU
		{4E411DD0-16E8-4BD9-BA79-D22D1F4FE9B1}.Release|Any CPU.Build.0 = Release|Any CPU
		{4A537B20-74D5-495E-8FC5-54AC2936A2A3}.Debug|Any CPU.ActiveCfg = Debug|Any CPU
		{4A537B20-74D5-495E-8FC5-54AC2936A2A3}.Debug|Any CPU.Build.0 = Debug|Any CPU
		{4A537B20-74D5-495E-8FC5-54AC2936A2A3}.Release|Any CPU.ActiveCfg = Release|Any CPU
		{4A537B20-74D5-495E-8FC5-54AC2936A2A3}.Release|Any CPU.Build.0 = Release|Any CPU
		{D7B35147-CE8A-42FB-BC72-0BFEAD7183C8}.Debug|Any CPU.ActiveCfg = Debug|Any CPU
		{D7B35147-CE8A-42FB-BC72-0BFEAD7183C8}.Debug|Any CPU.Build.0 = Debug|Any CPU
		{D7B35147-CE8A-42FB-BC72-0BFEAD7183C8}.Release|Any CPU.ActiveCfg = Release|Any CPU
		{D7B35147-CE8A-42FB-BC72-0BFEAD7183C8}.Release|Any CPU.Build.0 = Release|Any CPU
		{CADEA30F-5441-43CF-B82B-7D60B06A1C6A}.Debug|Any CPU.ActiveCfg = Debug|Any CPU
		{CADEA30F-5441-43CF-B82B-7D60B06A1C6A}.Debug|Any CPU.Build.0 = Debug|Any CPU
		{CADEA30F-5441-43CF-B82B-7D60B06A1C6A}.Release|Any CPU.ActiveCfg = Release|Any CPU
		{CADEA30F-5441-43CF-B82B-7D60B06A1C6A}.Release|Any CPU.Build.0 = Release|Any CPU
		{304D40E1-30C5-4918-8F8E-384ACD439941}.Debug|Any CPU.ActiveCfg = Debug|Any CPU
		{304D40E1-30C5-4918-8F8E-384ACD439941}.Debug|Any CPU.Build.0 = Debug|Any CPU
		{304D40E1-30C5-4918-8F8E-384ACD439941}.Release|Any CPU.ActiveCfg = Release|Any CPU
		{304D40E1-30C5-4918-8F8E-384ACD439941}.Release|Any CPU.Build.0 = Release|Any CPU
	EndGlobalSection
	GlobalSection(SolutionProperties) = preSolution
		HideSolutionNode = FALSE
	EndGlobalSection
	GlobalSection(ExtensibilityGlobals) = postSolution
		SolutionGuid = {43B102A2-F68E-4926-9EAA-6763FDDEF0B4}
	EndGlobalSection
EndGlobal
