
Microsoft Visual Studio Solution File, Format Version 12.00
# Visual Studio Version 16
VisualStudioVersion = 16.0.29215.179
MinimumVisualStudioVersion = 10.0.40219.1
Project("{9A19103F-16F7-4668-BE54-9A1E7A4F7556}") = "SchedulingPractice.Core", "SchedulingPractice.Core\SchedulingPractice.Core.csproj", "{4E411DD0-16E8-4BD9-BA79-D22D1F4FE9B1}"
EndProject
Project("{9A19103F-16F7-4668-BE54-9A1E7A4F7556}") = "SchedulingPractice.PubWorker", "SchedulingPractice.PubWorker\SchedulingPractice.PubWorker.csproj", "{4A537B20-74D5-495E-8FC5-54AC2936A2A3}"
EndProject
Project("{9A19103F-16F7-4668-BE54-9A1E7A4F7556}") = "SubWorker.AndrewDemo", "SubWorker.AndrewDemo\SubWorker.AndrewDemo.csproj", "{D7B35147-CE8A-42FB-BC72-0BFEAD7183C8}"
EndProject
Project("{2150E333-8FDC-42A3-9474-1A3956D46DE8}") = "Solution Items", "Solution Items", "{927CF37F-7C8C-426E-B63C-1121CA9FE062}"
	ProjectSection(SolutionItems) = preProject
		database.sql = database.sql
		demo-all.cmd = demo-all.cmd
		demo.cmd = demo.cmd
		README.md = README.md
		statistics.sql = statistics.sql
	EndProjectSection
EndProject
Project("{9A19103F-16F7-4668-BE54-9A1E7A4F7556}") = "SubWorker.LeviDemo", "SubWorker.LeviDemo\SubWorker.LeviDemo.csproj", "{B37CC7C1-4BCB-4258-9E23-1364C6019D92}"
EndProject
Project("{9A19103F-16F7-4668-BE54-9A1E7A4F7556}") = "HankDemo.HankTaskRunner", "HankDemo.HankTaskRunner\HankDemo.HankTaskRunner.csproj", "{6CEFD583-EBE7-471D-A966-2873B4B4D265}"
EndProject
Project("{9A19103F-16F7-4668-BE54-9A1E7A4F7556}") = "SubWorker.JolinDemo", "SubWorker.JolinDemo\SubWorker.JolinDemo.csproj", "{B5263EA5-3F5C-404B-AED3-85D34D1A2C96}"
EndProject
Project("{9A19103F-16F7-4668-BE54-9A1E7A4F7556}") = "SubWorker.JWDemo", "SubWorker.JWDemo\SubWorker.JWDemo.csproj", "{8C3A5B74-31F1-476F-84DF-CE7E5446E8D9}"
EndProject
Project("{2150E333-8FDC-42A3-9474-1A3956D46DE8}") = "SubWorkers", "SubWorkers", "{5A225F28-B864-4306-B0C7-83D9CBDABF5B}"
EndProject
Project("{9A19103F-16F7-4668-BE54-9A1E7A4F7556}") = "SubWorker.BorisDemo", "SubWorker.BorisDemo\SubWorker.BorisDemo.csproj", "{7D80EF21-E6C8-46EC-8179-67D328B15335}"
EndProject
Project("{9A19103F-16F7-4668-BE54-9A1E7A4F7556}") = "SubWorker.JulianDemo", "SubWorker.JulianDemo\SubWorker.JulianDemo.csproj", "{32F4B1E1-4A5B-4695-9BCD-1A76F8566420}"
EndProject
Project("{9A19103F-16F7-4668-BE54-9A1E7A4F7556}") = "SubWorker.AndyDemo", "SubWorker.AndyDemo\SubWorker.AndyDemo.csproj", "{29711E67-24F9-4736-AAC8-BBE6831A4DEF}"
EndProject
Project("{9A19103F-16F7-4668-BE54-9A1E7A4F7556}") = "SchedulingPractice.SubWorkerRunner", "SchedulingPractice.SubWorkerRunner\SchedulingPractice.SubWorkerRunner.csproj", "{5D349423-56A0-4E03-A59F-7D1AF95B78E7}"
EndProject
Global
	GlobalSection(SolutionConfigurationPlatforms) = preSolution
		Debug|Any CPU = Debug|Any CPU
		Release|Any CPU = Release|Any CPU
	EndGlobalSection
	GlobalSection(ProjectConfigurationPlatforms) = postSolution
		{4E411DD0-16E8-4BD9-BA79-D22D1F4FE9B1}.Debug|Any CPU.ActiveCfg = Debug|Any CPU
		{4E411DD0-16E8-4BD9-BA79-D22D1F4FE9B1}.Debug|Any CPU.Build.0 = Debug|Any CPU
		{4E411DD0-16E8-4BD9-BA79-D22D1F4FE9B1}.Release|Any CPU.ActiveCfg = Release|Any CPU
		{4E411DD0-16E8-4BD9-BA79-D22D1F4FE9B1}.Release|Any CPU.Build.0 = Release|Any CPU
		{4A537B20-74D5-495E-8FC5-54AC2936A2A3}.Debug|Any CPU.ActiveCfg = Debug|Any CPU
		{4A537B20-74D5-495E-8FC5-54AC2936A2A3}.Debug|Any CPU.Build.0 = Debug|Any CPU
		{4A537B20-74D5-495E-8FC5-54AC2936A2A3}.Release|Any CPU.ActiveCfg = Release|Any CPU
		{4A537B20-74D5-495E-8FC5-54AC2936A2A3}.Release|Any CPU.Build.0 = Release|Any CPU
		{D7B35147-CE8A-42FB-BC72-0BFEAD7183C8}.Debug|Any CPU.ActiveCfg = Debug|Any CPU
		{D7B35147-CE8A-42FB-BC72-0BFEAD7183C8}.Debug|Any CPU.Build.0 = Debug|Any CPU
		{D7B35147-CE8A-42FB-BC72-0BFEAD7183C8}.Release|Any CPU.ActiveCfg = Release|Any CPU
		{D7B35147-CE8A-42FB-BC72-0BFEAD7183C8}.Release|Any CPU.Build.0 = Release|Any CPU
		{B37CC7C1-4BCB-4258-9E23-1364C6019D92}.Debug|Any CPU.ActiveCfg = Debug|Any CPU
		{B37CC7C1-4BCB-4258-9E23-1364C6019D92}.Debug|Any CPU.Build.0 = Debug|Any CPU
		{B37CC7C1-4BCB-4258-9E23-1364C6019D92}.Release|Any CPU.ActiveCfg = Release|Any CPU
		{B37CC7C1-4BCB-4258-9E23-1364C6019D92}.Release|Any CPU.Build.0 = Release|Any CPU
		{6CEFD583-EBE7-471D-A966-2873B4B4D265}.Debug|Any CPU.ActiveCfg = Debug|Any CPU
		{6CEFD583-EBE7-471D-A966-2873B4B4D265}.Debug|Any CPU.Build.0 = Debug|Any CPU
		{6CEFD583-EBE7-471D-A966-2873B4B4D265}.Release|Any CPU.ActiveCfg = Release|Any CPU
		{6CEFD583-EBE7-471D-A966-2873B4B4D265}.Release|Any CPU.Build.0 = Release|Any CPU
		{B5263EA5-3F5C-404B-AED3-85D34D1A2C96}.Debug|Any CPU.ActiveCfg = Debug|Any CPU
		{B5263EA5-3F5C-404B-AED3-85D34D1A2C96}.Debug|Any CPU.Build.0 = Debug|Any CPU
		{B5263EA5-3F5C-404B-AED3-85D34D1A2C96}.Release|Any CPU.ActiveCfg = Release|Any CPU
		{B5263EA5-3F5C-404B-AED3-85D34D1A2C96}.Release|Any CPU.Build.0 = Release|Any CPU
		{8C3A5B74-31F1-476F-84DF-CE7E5446E8D9}.Debug|Any CPU.ActiveCfg = Debug|Any CPU
		{8C3A5B74-31F1-476F-84DF-CE7E5446E8D9}.Debug|Any CPU.Build.0 = Debug|Any CPU
		{8C3A5B74-31F1-476F-84DF-CE7E5446E8D9}.Release|Any CPU.ActiveCfg = Release|Any CPU
		{8C3A5B74-31F1-476F-84DF-CE7E5446E8D9}.Release|Any CPU.Build.0 = Release|Any CPU
		{7D80EF21-E6C8-46EC-8179-67D328B15335}.Debug|Any CPU.ActiveCfg = Debug|Any CPU
		{7D80EF21-E6C8-46EC-8179-67D328B15335}.Debug|Any CPU.Build.0 = Debug|Any CPU
		{7D80EF21-E6C8-46EC-8179-67D328B15335}.Release|Any CPU.ActiveCfg = Release|Any CPU
		{7D80EF21-E6C8-46EC-8179-67D328B15335}.Release|Any CPU.Build.0 = Release|Any CPU
		{32F4B1E1-4A5B-4695-9BCD-1A76F8566420}.Debug|Any CPU.ActiveCfg = Debug|Any CPU
		{32F4B1E1-4A5B-4695-9BCD-1A76F8566420}.Debug|Any CPU.Build.0 = Debug|Any CPU
		{32F4B1E1-4A5B-4695-9BCD-1A76F8566420}.Release|Any CPU.ActiveCfg = Release|Any CPU
		{32F4B1E1-4A5B-4695-9BCD-1A76F8566420}.Release|Any CPU.Build.0 = Release|Any CPU
		{29711E67-24F9-4736-AAC8-BBE6831A4DEF}.Debug|Any CPU.ActiveCfg = Debug|Any CPU
		{29711E67-24F9-4736-AAC8-BBE6831A4DEF}.Debug|Any CPU.Build.0 = Debug|Any CPU
		{29711E67-24F9-4736-AAC8-BBE6831A4DEF}.Release|Any CPU.ActiveCfg = Release|Any CPU
		{29711E67-24F9-4736-AAC8-BBE6831A4DEF}.Release|Any CPU.Build.0 = Release|Any CPU
		{5D349423-56A0-4E03-A59F-7D1AF95B78E7}.Debug|Any CPU.ActiveCfg = Debug|Any CPU
		{5D349423-56A0-4E03-A59F-7D1AF95B78E7}.Debug|Any CPU.Build.0 = Debug|Any CPU
		{5D349423-56A0-4E03-A59F-7D1AF95B78E7}.Release|Any CPU.ActiveCfg = Release|Any CPU
		{5D349423-56A0-4E03-A59F-7D1AF95B78E7}.Release|Any CPU.Build.0 = Release|Any CPU
	EndGlobalSection
	GlobalSection(SolutionProperties) = preSolution
		HideSolutionNode = FALSE
	EndGlobalSection
	GlobalSection(NestedProjects) = preSolution
		{D7B35147-CE8A-42FB-BC72-0BFEAD7183C8} = {5A225F28-B864-4306-B0C7-83D9CBDABF5B}
		{B37CC7C1-4BCB-4258-9E23-1364C6019D92} = {5A225F28-B864-4306-B0C7-83D9CBDABF5B}
		{6CEFD583-EBE7-471D-A966-2873B4B4D265} = {5A225F28-B864-4306-B0C7-83D9CBDABF5B}
		{B5263EA5-3F5C-404B-AED3-85D34D1A2C96} = {5A225F28-B864-4306-B0C7-83D9CBDABF5B}
		{8C3A5B74-31F1-476F-84DF-CE7E5446E8D9} = {5A225F28-B864-4306-B0C7-83D9CBDABF5B}
		{7D80EF21-E6C8-46EC-8179-67D328B15335} = {5A225F28-B864-4306-B0C7-83D9CBDABF5B}
		{32F4B1E1-4A5B-4695-9BCD-1A76F8566420} = {5A225F28-B864-4306-B0C7-83D9CBDABF5B}
		{29711E67-24F9-4736-AAC8-BBE6831A4DEF} = {5A225F28-B864-4306-B0C7-83D9CBDABF5B}
	EndGlobalSection
	GlobalSection(ExtensibilityGlobals) = postSolution
		SolutionGuid = {43B102A2-F68E-4926-9EAA-6763FDDEF0B4}
	EndGlobalSection
EndGlobal
